
Microsoft Visual Studio Solution File, Format Version 12.00
# Visual Studio 14
VisualStudioVersion = 14.0.24720.0
MinimumVisualStudioVersion = 10.0.40219.1
Project("{FAE04EC0-301F-11D3-BF4B-00C04F79EFBC}") = "RosettaObject", "RosettaObject\RosettaObject.csproj", "{909E342A-409D-4379-81B6-D97C31D9DB7E}"
EndProject
Project("{FAE04EC0-301F-11D3-BF4B-00C04F79EFBC}") = "RosettaObjectTest", "RosettaObjectTest\RosettaObjectTest.csproj", "{3BDCDAA4-DBFC-4760-A0B5-37DB3A24C9FF}"
EndProject
Global
	GlobalSection(SolutionConfigurationPlatforms) = preSolution
		Debug|Any CPU = Debug|Any CPU
		Release|Any CPU = Release|Any CPU
	EndGlobalSection
	GlobalSection(ProjectConfigurationPlatforms) = postSolution
		{909E342A-409D-4379-81B6-D97C31D9DB7E}.Debug|Any CPU.ActiveCfg = Debug|Any CPU
		{909E342A-409D-4379-81B6-D97C31D9DB7E}.Debug|Any CPU.Build.0 = Debug|Any CPU
		{909E342A-409D-4379-81B6-D97C31D9DB7E}.Release|Any CPU.ActiveCfg = Release|Any CPU
		{909E342A-409D-4379-81B6-D97C31D9DB7E}.Release|Any CPU.Build.0 = Release|Any CPU
		{3BDCDAA4-DBFC-4760-A0B5-37DB3A24C9FF}.Debug|Any CPU.ActiveCfg = Debug|Any CPU
		{3BDCDAA4-DBFC-4760-A0B5-37DB3A24C9FF}.Debug|Any CPU.Build.0 = Debug|Any CPU
		{3BDCDAA4-DBFC-4760-A0B5-37DB3A24C9FF}.Release|Any CPU.ActiveCfg = Release|Any CPU
		{3BDCDAA4-DBFC-4760-A0B5-37DB3A24C9FF}.Release|Any CPU.Build.0 = Release|Any CPU
	EndGlobalSection
	GlobalSection(SolutionProperties) = preSolution
		HideSolutionNode = FALSE
	EndGlobalSection
EndGlobal
